{
  "object": {
    "pins": [
      {
        "package": "Bits",
        "repositoryURL": "https://github.com/vapor/bits.git",
        "state": {
          "branch": null,
          "revision": "c32f5e6ae2007dccd21a92b7e33eba842dd80d2f",
          "version": "1.1.0"
        }
      },
      {
        "package": "Commander",
        "repositoryURL": "https://github.com/kylef/Commander.git",
        "state": {
          "branch": null,
          "revision": "4c320a3507d621d27f89514eb576664becfee643",
          "version": "0.6.1"
        }
      },
      {
        "package": "Core",
        "repositoryURL": "https://github.com/vapor/core.git",
        "state": {
          "branch": null,
          "revision": "b8330808f4f6b69941961afe8ad6b015562f7b7c",
          "version": "2.1.2"
        }
      },
      {
        "package": "Daemon",
        "repositoryURL": "https://github.com/ainame/Swift-Daemon.git",
        "state": {
          "branch": null,
          "revision": "7d5110ffb5ccd3bebb11a1f30116891f79c2fa76",
          "version": "0.0.3"
        }
      },
      {
        "package": "Debugging",
        "repositoryURL": "https://github.com/vapor/debugging.git",
        "state": {
          "branch": null,
          "revision": "49c5e8f0a7cb5456a8f7c72c6cd9f1553e5885a8",
          "version": "1.1.0"
        }
      },
      {
        "package": "Node",
        "repositoryURL": "https://github.com/vapor/node.git",
        "state": {
          "branch": null,
          "revision": "642f357d08ec5aa335ae2e3c4633c72da7b5a0c4",
          "version": "2.1.1"
        }
      },
      {
        "package": "Random",
        "repositoryURL": "https://github.com/vapor/random.git",
        "state": {
          "branch": null,
          "revision": "d7c4397d125caba795d14d956efacfe2a27a63d0",
          "version": "1.2.0"
        }
      },
      {
        "package": "Redis",
        "repositoryURL": "https://github.com/vapor/redis.git",
        "state": {
          "branch": null,
          "revision": "70917ee48207552184a8155893880f065a980507",
          "version": "2.0.0"
        }
      },
      {
        "package": "Signals",
        "repositoryURL": "https://github.com/IBM-Swift/BlueSignals.git",
        "state": {
          "branch": null,
          "revision": "99ac410f8ad4a75f0ec9a9d72512d5028e804253",
          "version": "0.9.48"
        }
      },
      {
        "package": "Sockets",
        "repositoryURL": "https://github.com/vapor/sockets.git",
        "state": {
          "branch": null,
          "revision": "f6b06982e94db71227e99c56fec5899a8526e8ad",
          "version": "2.1.0"
        }
      },
      {
        "package": "Spectre",
        "repositoryURL": "https://github.com/kylef/Spectre.git",
        "state": {
          "branch": null,
          "revision": "e46b75cf03ad5e563b4b0a5068d3d6f04d77d80b",
          "version": "0.7.2"
        }
      },
      {
        "package": "SwiftyBeaver",
        "repositoryURL": "https://github.com/SwiftyBeaver/SwiftyBeaver.git",
        "state": {
          "branch": null,
          "revision": "e4563d158cd7fe2fc29931036bc10fd97c303933",
          "version": "1.4.0"
        }
      },
      {
        "package": "Yams",
        "repositoryURL": "https://github.com/jpsim/Yams.git",
        "state": {
          "branch": null,
          "revision": "c7518628d011fbd096ebe75d76d3574dc62d17dc",
          "version": "0.3.5"
        }
      }
    ]
  },
  "version": 1
}
